
Microsoft Visual Studio Solution File, Format Version 12.00
# Visual Studio 14
VisualStudioVersion = 14.0.25420.1
MinimumVisualStudioVersion = 10.0.40219.1
Project("{FAE04EC0-301F-11D3-BF4B-00C04F79EFBC}") = "FolhaDePagamento", "FolhaDePagamento\FolhaDePagamento.csproj", "{7476368B-1792-49D4-9F2E-1E30270017E1}"
EndProject
Project("{FAE04EC0-301F-11D3-BF4B-00C04F79EFBC}") = "FolhaDePagamento.UnitTest", "FolhaDePagamento.UnitTest\FolhaDePagamento.UnitTest.csproj", "{272BBAE2-D91C-4320-A400-189B81F64CEF}"
EndProject
Global
	GlobalSection(SolutionConfigurationPlatforms) = preSolution
		Debug|Any CPU = Debug|Any CPU
		Release|Any CPU = Release|Any CPU
	EndGlobalSection
	GlobalSection(ProjectConfigurationPlatforms) = postSolution
		{7476368B-1792-49D4-9F2E-1E30270017E1}.Debug|Any CPU.ActiveCfg = Debug|Any CPU
		{7476368B-1792-49D4-9F2E-1E30270017E1}.Debug|Any CPU.Build.0 = Debug|Any CPU
		{7476368B-1792-49D4-9F2E-1E30270017E1}.Release|Any CPU.ActiveCfg = Release|Any CPU
		{7476368B-1792-49D4-9F2E-1E30270017E1}.Release|Any CPU.Build.0 = Release|Any CPU
		{272BBAE2-D91C-4320-A400-189B81F64CEF}.Debug|Any CPU.ActiveCfg = Debug|Any CPU
		{272BBAE2-D91C-4320-A400-189B81F64CEF}.Debug|Any CPU.Build.0 = Debug|Any CPU
		{272BBAE2-D91C-4320-A400-189B81F64CEF}.Release|Any CPU.ActiveCfg = Release|Any CPU
		{272BBAE2-D91C-4320-A400-189B81F64CEF}.Release|Any CPU.Build.0 = Release|Any CPU
	EndGlobalSection
	GlobalSection(SolutionProperties) = preSolution
		HideSolutionNode = FALSE
	EndGlobalSection
EndGlobal
